
Microsoft Visual Studio Solution File, Format Version 12.00
# Visual Studio Version 17
VisualStudioVersion = 17.0.31903.59
MinimumVisualStudioVersion = 10.0.40219.1
Project("{9A19103F-16F7-4668-BE54-9A1E7A4F7556}") = "Web_Api_Payments", "API\Web_Api_Payments.csproj", "{7A6BA32D-AEC7-4E83-889D-6149162BE856}"
EndProject
Project("{9A19103F-16F7-4668-BE54-9A1E7A4F7556}") = "TEST", "TEST\TEST.csproj", "{EAE76FE8-0CB6-4E9E-A007-C07700C82328}"
EndProject
Project("{E53339B2-1760-4266-BCC7-CA923CBCF16C}") = "docker-compose", "docker-compose.dcproj", "{E6E58C1F-E1A0-4137-AA83-C2EE90378DBC}"
EndProject
Global
	GlobalSection(SolutionConfigurationPlatforms) = preSolution
		Debug|Any CPU = Debug|Any CPU
		Release|Any CPU = Release|Any CPU
	EndGlobalSection
	GlobalSection(ProjectConfigurationPlatforms) = postSolution
		{7A6BA32D-AEC7-4E83-889D-6149162BE856}.Debug|Any CPU.ActiveCfg = Debug|Any CPU
		{7A6BA32D-AEC7-4E83-889D-6149162BE856}.Debug|Any CPU.Build.0 = Debug|Any CPU
		{7A6BA32D-AEC7-4E83-889D-6149162BE856}.Release|Any CPU.ActiveCfg = Release|Any CPU
		{7A6BA32D-AEC7-4E83-889D-6149162BE856}.Release|Any CPU.Build.0 = Release|Any CPU
		{EAE76FE8-0CB6-4E9E-A007-C07700C82328}.Debug|Any CPU.ActiveCfg = Debug|Any CPU
		{EAE76FE8-0CB6-4E9E-A007-C07700C82328}.Debug|Any CPU.Build.0 = Debug|Any CPU
		{EAE76FE8-0CB6-4E9E-A007-C07700C82328}.Release|Any CPU.ActiveCfg = Release|Any CPU
		{EAE76FE8-0CB6-4E9E-A007-C07700C82328}.Release|Any CPU.Build.0 = Release|Any CPU
		{E6E58C1F-E1A0-4137-AA83-C2EE90378DBC}.Debug|Any CPU.ActiveCfg = Debug|Any CPU
		{E6E58C1F-E1A0-4137-AA83-C2EE90378DBC}.Debug|Any CPU.Build.0 = Debug|Any CPU
		{E6E58C1F-E1A0-4137-AA83-C2EE90378DBC}.Release|Any CPU.ActiveCfg = Release|Any CPU
		{E6E58C1F-E1A0-4137-AA83-C2EE90378DBC}.Release|Any CPU.Build.0 = Release|Any CPU
	EndGlobalSection
	GlobalSection(SolutionProperties) = preSolution
		HideSolutionNode = FALSE
	EndGlobalSection
	GlobalSection(ExtensibilityGlobals) = postSolution
		SolutionGuid = {4E5E6CEE-C2A2-4A7B-9AE2-BC8477D50B9D}
	EndGlobalSection
EndGlobal
